
Microsoft Visual Studio Solution File, Format Version 12.00
# Visual Studio Version 16
VisualStudioVersion = 16.0.32602.291
MinimumVisualStudioVersion = 10.0.40219.1
Project("{FAE04EC0-301F-11D3-BF4B-00C04F79EFBC}") = "Ekzamen_Korobkov_Pr_419", "Ekzamen_Korobkov_Pr_419\Ekzamen_Korobkov_Pr_419.csproj", "{BBE5757C-AAF4-43CB-B127-40BF8CFF77A5}"
EndProject
Global
	GlobalSection(SolutionConfigurationPlatforms) = preSolution
		Debug|Any CPU = Debug|Any CPU
		Release|Any CPU = Release|Any CPU
	EndGlobalSection
	GlobalSection(ProjectConfigurationPlatforms) = postSolution
		{BBE5757C-AAF4-43CB-B127-40BF8CFF77A5}.Debug|Any CPU.ActiveCfg = Debug|Any CPU
		{BBE5757C-AAF4-43CB-B127-40BF8CFF77A5}.Debug|Any CPU.Build.0 = Debug|Any CPU
		{BBE5757C-AAF4-43CB-B127-40BF8CFF77A5}.Release|Any CPU.ActiveCfg = Release|Any CPU
		{BBE5757C-AAF4-43CB-B127-40BF8CFF77A5}.Release|Any CPU.Build.0 = Release|Any CPU
	EndGlobalSection
	GlobalSection(SolutionProperties) = preSolution
		HideSolutionNode = FALSE
	EndGlobalSection
	GlobalSection(ExtensibilityGlobals) = postSolution
		SolutionGuid = {0DB9B6DD-0479-4AAA-BD44-D2BED70B9CF6}
	EndGlobalSection
EndGlobal
